
Microsoft Visual Studio Solution File, Format Version 12.00
# Visual Studio 15
VisualStudioVersion = 15.0.28010.2046
MinimumVisualStudioVersion = 10.0.40219.1
Project("{FAE04EC0-301F-11D3-BF4B-00C04F79EFBC}") = "Calculadora", "Calculadora\Calculadora.csproj", "{EC9EAD5A-7372-4CEA-8935-7AE6EA05E867}"
EndProject
Global
	GlobalSection(SolutionConfigurationPlatforms) = preSolution
		Debug|Any CPU = Debug|Any CPU
		Release|Any CPU = Release|Any CPU
	EndGlobalSection
	GlobalSection(ProjectConfigurationPlatforms) = postSolution
		{EC9EAD5A-7372-4CEA-8935-7AE6EA05E867}.Debug|Any CPU.ActiveCfg = Debug|Any CPU
		{EC9EAD5A-7372-4CEA-8935-7AE6EA05E867}.Debug|Any CPU.Build.0 = Debug|Any CPU
		{EC9EAD5A-7372-4CEA-8935-7AE6EA05E867}.Release|Any CPU.ActiveCfg = Release|Any CPU
		{EC9EAD5A-7372-4CEA-8935-7AE6EA05E867}.Release|Any CPU.Build.0 = Release|Any CPU
	EndGlobalSection
	GlobalSection(SolutionProperties) = preSolution
		HideSolutionNode = FALSE
	EndGlobalSection
	GlobalSection(ExtensibilityGlobals) = postSolution
		SolutionGuid = {F4E4A191-8D92-446F-8F68-59446EBE29CA}
	EndGlobalSection
EndGlobal
